# This file is autogenerated, do not edit; changes may be undone by the next 'dep ensure'.


[[projects]]
  name = "github.com/BurntSushi/toml"
  packages = ["."]
  revision = "b26d9c308763d68093482582cea63d69be07a0f0"
  version = "v0.3.0"

[[projects]]
  name = "github.com/cenkalti/backoff"
  packages = ["."]
  revision = "32cd0c5b3aef12c76ed64aaf678f6c79736be7dc"
  version = "v1.0.0"

[[projects]]
  name = "github.com/dghubble/oauth1"
  packages = ["."]
  revision = "70562a5920ad9b6ff03ef697c0f90ae569abbd2b"
  version = "v0.4.0"

[[projects]]
  name = "github.com/dghubble/sling"
  packages = ["."]
  revision = "eb56e89ac5088bebb12eef3cb4b293300f43608b"
  version = "v1.1.0"

[[projects]]
  branch = "master"
  name = "github.com/google/go-querystring"
  packages = ["query"]
  revision = "53e6ce116135b80d037921a7fdd5138cf32d7a8a"

[[projects]]
  branch = "master"
  name = "github.com/rskull/go-chatwork"
  packages = ["."]
  revision = "cf3052af1e1cd7982201aca1d1ba1f84b25a95d7"

[[projects]]
  branch = "master"
  name = "github.com/rskull/go-twitter"
  packages = ["twitter"]
  revision = "3a2947b91df09aa2b6d6473395d48f163c9c99c8"

[[projects]]
  branch = "master"
  name = "golang.org/x/net"
  packages = ["context"]
  revision = "5f8847ae0d0e90b6a9dc8148e7ad616874625171"

[solve-meta]
  analyzer-name = "dep"
  analyzer-version = 1
  inputs-digest = "007c7a7aa7933bbd1950a8e1571848dd975ab98bcf74f3d93b3f9582d9f0b7c8"
  solver-name = "gps-cdcl"
  solver-version = 1
